
Microsoft Visual Studio Solution File, Format Version 12.00
# Visual Studio 15
VisualStudioVersion = 15.0.28010.2016
MinimumVisualStudioVersion = 10.0.40219.1
Project("{FAE04EC0-301F-11D3-BF4B-00C04F79EFBC}") = "PhoneDirectory", "PhoneDirectory\PhoneDirectory.csproj", "{CC04DB82-9B16-4EC4-A8DB-CCE42BAD0B8C}"
EndProject
Project("{FAE04EC0-301F-11D3-BF4B-00C04F79EFBC}") = "PhoneDirectory.Tests", "UnitTestProject1\PhoneDirectory.Tests.csproj", "{D885C1AE-F7B8-43DF-B83F-FA26E9DC6E14}"
EndProject
Global
	GlobalSection(SolutionConfigurationPlatforms) = preSolution
		Debug|Any CPU = Debug|Any CPU
		Release|Any CPU = Release|Any CPU
	EndGlobalSection
	GlobalSection(ProjectConfigurationPlatforms) = postSolution
		{CC04DB82-9B16-4EC4-A8DB-CCE42BAD0B8C}.Debug|Any CPU.ActiveCfg = Debug|Any CPU
		{CC04DB82-9B16-4EC4-A8DB-CCE42BAD0B8C}.Debug|Any CPU.Build.0 = Debug|Any CPU
		{CC04DB82-9B16-4EC4-A8DB-CCE42BAD0B8C}.Release|Any CPU.ActiveCfg = Release|Any CPU
		{CC04DB82-9B16-4EC4-A8DB-CCE42BAD0B8C}.Release|Any CPU.Build.0 = Release|Any CPU
		{D885C1AE-F7B8-43DF-B83F-FA26E9DC6E14}.Debug|Any CPU.ActiveCfg = Debug|Any CPU
		{D885C1AE-F7B8-43DF-B83F-FA26E9DC6E14}.Debug|Any CPU.Build.0 = Debug|Any CPU
		{D885C1AE-F7B8-43DF-B83F-FA26E9DC6E14}.Release|Any CPU.ActiveCfg = Release|Any CPU
		{D885C1AE-F7B8-43DF-B83F-FA26E9DC6E14}.Release|Any CPU.Build.0 = Release|Any CPU
	EndGlobalSection
	GlobalSection(SolutionProperties) = preSolution
		HideSolutionNode = FALSE
	EndGlobalSection
	GlobalSection(ExtensibilityGlobals) = postSolution
		SolutionGuid = {8C5F8B31-EF68-42FF-9E6C-9AFFC0B7FB7B}
	EndGlobalSection
EndGlobal
